
Microsoft Visual Studio Solution File, Format Version 12.00
# Visual Studio Version 16
VisualStudioVersion = 16.0.29609.76
MinimumVisualStudioVersion = 10.0.40219.1
Project("{FAE04EC0-301F-11D3-BF4B-00C04F79EFBC}") = "Ttar.DAL", "Ttar.DAL\Ttar.DAL.csproj", "{B2ADDE54-54C6-46CD-B27C-5131C8434227}"
EndProject
Project("{FAE04EC0-301F-11D3-BF4B-00C04F79EFBC}") = "Ttar.Business", "Ttar.Business\Ttar.Business.csproj", "{E2D0C938-2A9B-4BC0-BE1A-34A8CB036798}"
EndProject
Project("{FAE04EC0-301F-11D3-BF4B-00C04F79EFBC}") = "Ttar.Entities", "Ttar.Entities\Ttar.Entities.csproj", "{39511867-68D6-4820-B2E0-5C767ECFCF3F}"
EndProject
Project("{FAE04EC0-301F-11D3-BF4B-00C04F79EFBC}") = "Ttar.Core", "Ttar.Core\Ttar.Core.csproj", "{7C8B539E-482D-4A98-BB56-48B58CC7DC95}"
EndProject
Project("{FAE04EC0-301F-11D3-BF4B-00C04F79EFBC}") = "Ttar.WebApiService", "TTar.WebApiService\Ttar.WebApiService.csproj", "{DEF57C90-9039-4173-B632-7B59B8B99E49}"
EndProject
Global
	GlobalSection(SolutionConfigurationPlatforms) = preSolution
		Debug|Any CPU = Debug|Any CPU
		Release|Any CPU = Release|Any CPU
	EndGlobalSection
	GlobalSection(ProjectConfigurationPlatforms) = postSolution
		{B2ADDE54-54C6-46CD-B27C-5131C8434227}.Debug|Any CPU.ActiveCfg = Debug|Any CPU
		{B2ADDE54-54C6-46CD-B27C-5131C8434227}.Debug|Any CPU.Build.0 = Debug|Any CPU
		{B2ADDE54-54C6-46CD-B27C-5131C8434227}.Release|Any CPU.ActiveCfg = Release|Any CPU
		{B2ADDE54-54C6-46CD-B27C-5131C8434227}.Release|Any CPU.Build.0 = Release|Any CPU
		{E2D0C938-2A9B-4BC0-BE1A-34A8CB036798}.Debug|Any CPU.ActiveCfg = Debug|Any CPU
		{E2D0C938-2A9B-4BC0-BE1A-34A8CB036798}.Debug|Any CPU.Build.0 = Debug|Any CPU
		{E2D0C938-2A9B-4BC0-BE1A-34A8CB036798}.Release|Any CPU.ActiveCfg = Release|Any CPU
		{E2D0C938-2A9B-4BC0-BE1A-34A8CB036798}.Release|Any CPU.Build.0 = Release|Any CPU
		{39511867-68D6-4820-B2E0-5C767ECFCF3F}.Debug|Any CPU.ActiveCfg = Debug|Any CPU
		{39511867-68D6-4820-B2E0-5C767ECFCF3F}.Debug|Any CPU.Build.0 = Debug|Any CPU
		{39511867-68D6-4820-B2E0-5C767ECFCF3F}.Release|Any CPU.ActiveCfg = Release|Any CPU
		{39511867-68D6-4820-B2E0-5C767ECFCF3F}.Release|Any CPU.Build.0 = Release|Any CPU
		{7C8B539E-482D-4A98-BB56-48B58CC7DC95}.Debug|Any CPU.ActiveCfg = Debug|Any CPU
		{7C8B539E-482D-4A98-BB56-48B58CC7DC95}.Debug|Any CPU.Build.0 = Debug|Any CPU
		{7C8B539E-482D-4A98-BB56-48B58CC7DC95}.Release|Any CPU.ActiveCfg = Release|Any CPU
		{7C8B539E-482D-4A98-BB56-48B58CC7DC95}.Release|Any CPU.Build.0 = Release|Any CPU
		{DEF57C90-9039-4173-B632-7B59B8B99E49}.Debug|Any CPU.ActiveCfg = Debug|Any CPU
		{DEF57C90-9039-4173-B632-7B59B8B99E49}.Debug|Any CPU.Build.0 = Debug|Any CPU
		{DEF57C90-9039-4173-B632-7B59B8B99E49}.Release|Any CPU.ActiveCfg = Release|Any CPU
		{DEF57C90-9039-4173-B632-7B59B8B99E49}.Release|Any CPU.Build.0 = Release|Any CPU
	EndGlobalSection
	GlobalSection(SolutionProperties) = preSolution
		HideSolutionNode = FALSE
	EndGlobalSection
	GlobalSection(ExtensibilityGlobals) = postSolution
		SolutionGuid = {8B18141A-E831-4185-BE29-ED73E015B90D}
	EndGlobalSection
EndGlobal
